
Microsoft Visual Studio Solution File, Format Version 12.00
# Visual Studio Version 16
VisualStudioVersion = 16.0.30204.135
MinimumVisualStudioVersion = 10.0.40219.1
Project("{9A19103F-16F7-4668-BE54-9A1E7A4F7556}") = "blazor-pokedex", "blazor-pokedex\blazor-pokedex.csproj", "{9B305AF7-C2F8-45E9-9C31-3D6B5F838BD3}"
EndProject
Global
	GlobalSection(SolutionConfigurationPlatforms) = preSolution
		Debug|Any CPU = Debug|Any CPU
		Release|Any CPU = Release|Any CPU
	EndGlobalSection
	GlobalSection(ProjectConfigurationPlatforms) = postSolution
		{9B305AF7-C2F8-45E9-9C31-3D6B5F838BD3}.Debug|Any CPU.ActiveCfg = Debug|Any CPU
		{9B305AF7-C2F8-45E9-9C31-3D6B5F838BD3}.Debug|Any CPU.Build.0 = Debug|Any CPU
		{9B305AF7-C2F8-45E9-9C31-3D6B5F838BD3}.Release|Any CPU.ActiveCfg = Release|Any CPU
		{9B305AF7-C2F8-45E9-9C31-3D6B5F838BD3}.Release|Any CPU.Build.0 = Release|Any CPU
	EndGlobalSection
	GlobalSection(SolutionProperties) = preSolution
		HideSolutionNode = FALSE
	EndGlobalSection
	GlobalSection(ExtensibilityGlobals) = postSolution
		SolutionGuid = {690577D7-2AFC-4C45-B20B-6E634BF8A7B6}
	EndGlobalSection
EndGlobal
